{
    "_readme": [
        "This file locks the dependencies of your project to a known state",
        "Read more about it at https://getcomposer.org/doc/01-basic-usage.md#installing-dependencies",
        "This file is @generated automatically"
    ],
    "content-hash": "9f93c1d69d6a90b080c1d00010332e16",
    "packages": [
        {
            "name": "snipworks/php-smtp",
            "version": "v2.0.4",
            "source": {
                "type": "git",
                "url": "https://github.com/snipworks/php-smtp.git",
                "reference": "06129fa0632b5be3ddbc91392e48352faaf31140"
            },
            "dist": {
                "type": "zip",
                "url": "https://api.github.com/repos/snipworks/php-smtp/zipball/06129fa0632b5be3ddbc91392e48352faaf31140",
                "reference": "06129fa0632b5be3ddbc91392e48352faaf31140",
                "shasum": ""
            },
            "require": {
                "ext-fileinfo": "*",
                "ext-openssl": "*",
                "php": ">=5.3"
            },
            "type": "library",
            "autoload": {
                "psr-4": {
                    "Snipworks\\Smtp\\": "src/"
                }
            },
            "notification-url": "https://packagist.org/downloads/",
            "license": [
                "MIT"
            ],
            "description": "Simple PHP SMTP Mail Send Script",
            "support": {
                "issues": "https://github.com/snipworks/php-smtp/issues",
                "source": "https://github.com/snipworks/php-smtp/tree/master"
            },
            "time": "2020-09-06T10:10:40+00:00"
        }
    ],
    "packages-dev": [],
    "aliases": [],
    "minimum-stability": "stable",
    "stability-flags": [],
    "prefer-stable": false,
    "prefer-lowest": false,
    "platform": [],
    "platform-dev": [],
    "plugin-api-version": "2.2.0"
}
